{
  "name": "test-project",
  "version": "1.0.0",
  "lockfileVersion": 3,
  "requires": true,
  "packages": {
    "": {
      "name": "test-project",
      "version": "1.0.0",
      "license": "ISC",
      "dependencies": {
        "fake-engine-package": "file:../fake-engine-package"
      }
    },
    "../fake-engine-package": {
      "version": "1.0.0",
      "engines": {
        "node": ">=22.0.0 <23",
        "npm": ">=10.0.0"
      }
    },
    "node_modules/fake-engine-package": {
      "resolved": "../fake-engine-package",
      "link": true
    }
  }
}
